# THIS IS AN AUTOGENERATED FILE. DO NOT EDIT THIS FILE DIRECTLY.
# yarn lockfile v1


"@aws-cdk/assets@1.203.0":
  version "1.203.0"
  resolved "https://registry.yarnpkg.com/@aws-cdk/assets/-/assets-1.203.0.tgz#a7dab33890d469f74b265b7e2f4d89e32b96cd7a"
  integrity sha512-aEexr1PEZPqTcBXiKLwmiWYtpoC6vPpsGAqe39U6lovXP675qO6/VTpE26AUtS0sDkuhCBnXDQR5H49e0+A+jQ==
  dependencies:
    "@aws-cdk/core" "1.203.0"
    "@aws-cdk/cx-api" "1.203.0"
    constructs "^3.3.69"

"@aws-cdk/aws-acmpca@1.203.0":
  version "1.203.0"
  resolved "https://registry.yarnpkg.com/@aws-cdk/aws-acmpca/-/aws-acmpca-1.203.0.tgz#280a04d5d64370c0ee4a778a002b4864d6daec7e"
  integrity sha512-0+7de1E0JxTjPe8pm73Io3WAEC9pvEjdKmNYwXApYCslqlFqBOuHjU9pQh++6cYcUWCMmav1iwM9zqCB6ZVRSQ==
  dependencies:
    "@aws-cdk/core" "1.203.0"
    constructs "^3.3.69"

"@aws-cdk/aws-apigateway@1.203.0":
  version "1.203.0"
  resolved "https://registry.yarnpkg.com/@aws-cdk/aws-apigateway/-/aws-apigateway-1.203.0.tgz#c433e7aa265afb92c88ab969cc29e0674e4eae2d"
  integrity sha512-nT5fisO+vznBLygjrDP3/nZXvgclW6prColqFefonutGf42nXyy21V84IcwOJNwSu1FkARb3tfMX7XbPoI47sQ==
  dependencies:
    "@aws-cdk/aws-certificatemanager" "1.203.0"
    "@aws-cdk/aws-cloudwatch" "1.203.0"
    "@aws-cdk/aws-cognito" "1.203.0"
    "@aws-cdk/aws-ec2" "1.203.0"
    "@aws-cdk/aws-elasticloadbalancingv2" "1.203.0"
    "@aws-cdk/aws-iam" "1.203.0"
    "@aws-cdk/aws-lambda" "1.203.0"
    "@aws-cdk/aws-logs" "1.203.0"
    "@aws-cdk/aws-s3" "1.203.0"
    "@aws-cdk/aws-s3-assets" "1.203.0"
    "@aws-cdk/aws-stepfunctions" "1.203.0"
    "@aws-cdk/core" "1.203.0"
    "@aws-cdk/cx-api" "1.203.0"
    constructs "^3.3.69"

"@aws-cdk/aws-applicationautoscaling@1.203.0":
  version "1.203.0"
  resolved "https://registry.yarnpkg.com/@aws-cdk/aws-applicationautoscaling/-/aws-applicationautoscaling-1.203.0.tgz#4f1cfc91fca198022bc09a70d44eb9fbbe083d4b"
  integrity sha512-tz/BzZ++hd+T5s4AQo4l7fKaK6+xeGEbR7fGulgz8xByW5V46/krXvpTWVvM7VV2WSigVx1QeS9vcT3MOdsYBQ==
  dependencies:
    "@aws-cdk/aws-autoscaling-common" "1.203.0"
    "@aws-cdk/aws-cloudwatch" "1.203.0"
    "@aws-cdk/aws-iam" "1.203.0"
    "@aws-cdk/core" "1.203.0"
    constructs "^3.3.69"

"@aws-cdk/aws-apprunner@^1.203.0":
  version "1.203.0"
  resolved "https://registry.yarnpkg.com/@aws-cdk/aws-apprunner/-/aws-apprunner-1.203.0.tgz#3813e77db4416fd7547e4439f8583dc216997a7a"
  integrity sha512-HzcNMf07sBNUYNg4Nx2O2g2gUfF8/T2ay+y8SDGn5pTCNEDK/4WyRm/RCUZ03CvgVGTdOWE34lA7R99WTKtLPA==
  dependencies:
    "@aws-cdk/aws-ec2" "1.203.0"
    "@aws-cdk/aws-ecr" "1.203.0"
    "@aws-cdk/aws-ecr-assets" "1.203.0"
    "@aws-cdk/aws-iam" "1.203.0"
    "@aws-cdk/core" "1.203.0"
    constructs "^3.3.69"

"@aws-cdk/aws-autoscaling-common@1.203.0":
  version "1.203.0"
  resolved "https://registry.yarnpkg.com/@aws-cdk/aws-autoscaling-common/-/aws-autoscaling-common-1.203.0.tgz#4d2e1321be252e74c5a4bad20c5f9d1fe755ae21"
  integrity sha512-ET3whArynAzRMxrnlkgAdWWzdaRg2QJWcepjSr615pwF0cOFjTW2scpPWIpcaugN2z+wFPlylP5zloA16FM0Tg==
  dependencies:
    "@aws-cdk/aws-iam" "1.203.0"
    "@aws-cdk/core" "1.203.0"
    constructs "^3.3.69"

"@aws-cdk/aws-autoscaling-hooktargets@1.203.0":
  version "1.203.0"
  resolved "https://registry.yarnpkg.com/@aws-cdk/aws-autoscaling-hooktargets/-/aws-autoscaling-hooktargets-1.203.0.tgz#b79f0426f18328ad07c63f7f3987009ec739e866"
  integrity sha512-76l88xiMubw6vp7KNOFjjgHZtU0cJhqc/a/vJ4ugfqdwF0Ja+6PtxJAkz7iubMH6WvfzyLh65pY+2oXvlskdRw==
  dependencies:
    "@aws-cdk/aws-autoscaling" "1.203.0"
    "@aws-cdk/aws-iam" "1.203.0"
    "@aws-cdk/aws-kms" "1.203.0"
    "@aws-cdk/aws-lambda" "1.203.0"
    "@aws-cdk/aws-sns" "1.203.0"
    "@aws-cdk/aws-sns-subscriptions" "1.203.0"
    "@aws-cdk/aws-sqs" "1.203.0"
    "@aws-cdk/core" "1.203.0"
    constructs "^3.3.69"

"@aws-cdk/aws-autoscaling@1.203.0":
  version "1.203.0"
  resolved "https://registry.yarnpkg.com/@aws-cdk/aws-autoscaling/-/aws-autoscaling-1.203.0.tgz#11e28bc2ee0675d1905a494d9d453bfb684c5a18"
  integrity sha512-owYqyax8G86GHbIDK2owIx8vn89uM1oepoSfYCtgl+c3Ty5W42meagmrftqfoW5jILlVw9hXU5AzE0m4mYG4kA==
  dependencies:
    "@aws-cdk/aws-autoscaling-common" "1.203.0"
    "@aws-cdk/aws-cloudwatch" "1.203.0"
    "@aws-cdk/aws-ec2" "1.203.0"
    "@aws-cdk/aws-elasticloadbalancing" "1.203.0"
    "@aws-cdk/aws-elasticloadbalancingv2" "1.203.0"
    "@aws-cdk/aws-iam" "1.203.0"
    "@aws-cdk/aws-sns" "1.203.0"
    "@aws-cdk/core" "1.203.0"
    constructs "^3.3.69"

"@aws-cdk/aws-certificatemanager@1.203.0":
  version "1.203.0"
  resolved "https://registry.yarnpkg.com/@aws-cdk/aws-certificatemanager/-/aws-certificatemanager-1.203.0.tgz#7b9286c2ab6c6496e53160bdb4a72d8773c17dc1"
  integrity sha512-P/xgE5oF623T9NIlTRfTwX6zR41ae2C+YAVOpGlI4X8ZnjB219LGZd7VhAIu6A6qv38ZQE2erYaXHe39nIFEFg==
  dependencies:
    "@aws-cdk/aws-acmpca" "1.203.0"
    "@aws-cdk/aws-cloudwatch" "1.203.0"
    "@aws-cdk/aws-iam" "1.203.0"
    "@aws-cdk/aws-lambda" "1.203.0"
    "@aws-cdk/aws-route53" "1.203.0"
    "@aws-cdk/core" "1.203.0"
    constructs "^3.3.69"

"@aws-cdk/aws-cloudformation@1.203.0":
  version "1.203.0"
  resolved "https://registry.yarnpkg.com/@aws-cdk/aws-cloudformation/-/aws-cloudformation-1.203.0.tgz#36b5bfb7d6dfd2f16d52c0c9dbc8dc2c60115858"
  integrity sha512-vwNrk5KT0TgIKy+hinjWu/CBEet394mK8o2eFzQG5G82An0O3n/ILdaBrXZut0tyHxJSYQ90+Zaor6Ndld49jA==
  dependencies:
    "@aws-cdk/aws-iam" "1.203.0"
    "@aws-cdk/aws-lambda" "1.203.0"
    "@aws-cdk/aws-s3" "1.203.0"
    "@aws-cdk/aws-sns" "1.203.0"
    "@aws-cdk/core" "1.203.0"
    "@aws-cdk/cx-api" "1.203.0"
    constructs "^3.3.69"

"@aws-cdk/aws-cloudfront@1.203.0", "@aws-cdk/aws-cloudfront@^1.203.0":
  version "1.203.0"
  resolved "https://registry.yarnpkg.com/@aws-cdk/aws-cloudfront/-/aws-cloudfront-1.203.0.tgz#610c4e5f9be92c3b7f66cc1c53cf5379775cbeed"
  integrity sha512-BdSCRoQ0CWT8U5Mhog80+sENG8bReXqhyzu8fyRLwT4EvCNmDEYVjotG7xbzgobRYKL0zhMMvNAtVZ3I1iw0fQ==
  dependencies:
    "@aws-cdk/aws-certificatemanager" "1.203.0"
    "@aws-cdk/aws-cloudwatch" "1.203.0"
    "@aws-cdk/aws-ec2" "1.203.0"
    "@aws-cdk/aws-iam" "1.203.0"
    "@aws-cdk/aws-kms" "1.203.0"
    "@aws-cdk/aws-lambda" "1.203.0"
    "@aws-cdk/aws-s3" "1.203.0"
    "@aws-cdk/aws-ssm" "1.203.0"
    "@aws-cdk/core" "1.203.0"
    "@aws-cdk/cx-api" "1.203.0"
    constructs "^3.3.69"

"@aws-cdk/aws-cloudwatch@1.203.0":
  version "1.203.0"
  resolved "https://registry.yarnpkg.com/@aws-cdk/aws-cloudwatch/-/aws-cloudwatch-1.203.0.tgz#dc31700d7c4226159d057f62e392705cf6be64ad"
  integrity sha512-RJfUHAtCPefcgWlH6Nqcv0f1svPfxbESUC52tK6yKqhmzo+57ePLkONsn88x22TuWo/hXOpjxYqrUECr0S5YqA==
  dependencies:
    "@aws-cdk/aws-iam" "1.203.0"
    "@aws-cdk/core" "1.203.0"
    constructs "^3.3.69"

"@aws-cdk/aws-codebuild@1.203.0", "@aws-cdk/aws-codebuild@^1.203.0":
  version "1.203.0"
  resolved "https://registry.yarnpkg.com/@aws-cdk/aws-codebuild/-/aws-codebuild-1.203.0.tgz#dfd8acec4800bbcbf91018f03a02710048c9def7"
  integrity sha512-GkQ2EdxmHmTduo48f19/5acTZuMxM1R7xskVu7ECr5B93AQUhF3vGy85RLpeBaO1/iOuT/GJ3+YwewiURaxIkg==
  dependencies:
    "@aws-cdk/assets" "1.203.0"
    "@aws-cdk/aws-cloudwatch" "1.203.0"
    "@aws-cdk/aws-codecommit" "1.203.0"
    "@aws-cdk/aws-codestarnotifications" "1.203.0"
    "@aws-cdk/aws-ec2" "1.203.0"
    "@aws-cdk/aws-ecr" "1.203.0"
    "@aws-cdk/aws-ecr-assets" "1.203.0"
    "@aws-cdk/aws-events" "1.203.0"
    "@aws-cdk/aws-iam" "1.203.0"
    "@aws-cdk/aws-kms" "1.203.0"
    "@aws-cdk/aws-logs" "1.203.0"
    "@aws-cdk/aws-s3" "1.203.0"
    "@aws-cdk/aws-s3-assets" "1.203.0"
    "@aws-cdk/aws-secretsmanager" "1.203.0"
    "@aws-cdk/core" "1.203.0"
    "@aws-cdk/region-info" "1.203.0"
    constructs "^3.3.69"
    yaml "1.10.2"

"@aws-cdk/aws-codecommit@1.203.0", "@aws-cdk/aws-codecommit@^1.203.0":
  version "1.203.0"
  resolved "https://registry.yarnpkg.com/@aws-cdk/aws-codecommit/-/aws-codecommit-1.203.0.tgz#3a7c8054a2ba20f1490b60d9fb057015f9b3d0d1"
  integrity sha512-VYJwqVpMCIAUwkjy6tB0D5tT7x0Sg0lGPJY58L+aIACJVJz/bO1Zx1vKt2Fljjon59lQQiofcnmkGOSU3hxaZA==
  dependencies:
    "@aws-cdk/aws-codestarnotifications" "1.203.0"
    "@aws-cdk/aws-events" "1.203.0"
    "@aws-cdk/aws-iam" "1.203.0"
    "@aws-cdk/aws-s3-assets" "1.203.0"
    "@aws-cdk/core" "1.203.0"
    constructs "^3.3.69"

"@aws-cdk/aws-codedeploy@1.203.0":
  version "1.203.0"
  resolved "https://registry.yarnpkg.com/@aws-cdk/aws-codedeploy/-/aws-codedeploy-1.203.0.tgz#08a3e148c127587850287c7f4b7bd7323cc9f109"
  integrity sha512-dzHcjXT4YLaFxjZQzVksGgkBc5byGlbMnVIpfYq8ongenmWp/FCyemSvUgNTtkPKqADawSseIxEXnil7Jt8W2Q==
  dependencies:
    "@aws-cdk/aws-autoscaling" "1.203.0"
    "@aws-cdk/aws-cloudwatch" "1.203.0"
    "@aws-cdk/aws-ec2" "1.203.0"
    "@aws-cdk/aws-elasticloadbalancing" "1.203.0"
    "@aws-cdk/aws-elasticloadbalancingv2" "1.203.0"
    "@aws-cdk/aws-iam" "1.203.0"
    "@aws-cdk/aws-lambda" "1.203.0"
    "@aws-cdk/aws-s3" "1.203.0"
    "@aws-cdk/core" "1.203.0"
    "@aws-cdk/custom-resources" "1.203.0"
    constructs "^3.3.69"

"@aws-cdk/aws-codeguruprofiler@1.203.0":
  version "1.203.0"
  resolved "https://registry.yarnpkg.com/@aws-cdk/aws-codeguruprofiler/-/aws-codeguruprofiler-1.203.0.tgz#0d31169a70956918c36f524cc9fee331cf2d66bc"
  integrity sha512-Tl9DGRY/BN615J8H4SUQxQ0Zb2TzkaBYHFx4F1lt4NYdWHYh6oALxLEBSkXD5txPvvtH4MouDENuqMBV/fZI3w==
  dependencies:
    "@aws-cdk/aws-iam" "1.203.0"
    "@aws-cdk/core" "1.203.0"
    constructs "^3.3.69"

"@aws-cdk/aws-codepipeline-actions@^1.203.0":
  version "1.203.0"
  resolved "https://registry.yarnpkg.com/@aws-cdk/aws-codepipeline-actions/-/aws-codepipeline-actions-1.203.0.tgz#9886f7c647e59879cca4f7171eac1c20b46c3375"
  integrity sha512-h3a/2BJPN4ILKbqtJzttBqDLplWqS/rwrUTY0XqvnVN537brydk9iGK/2u/TlyUX2ydAMNKDSiwM4gR4XCw6YA==
  dependencies:
    "@aws-cdk/aws-cloudformation" "1.203.0"
    "@aws-cdk/aws-codebuild" "1.203.0"
    "@aws-cdk/aws-codecommit" "1.203.0"
    "@aws-cdk/aws-codedeploy" "1.203.0"
    "@aws-cdk/aws-codepipeline" "1.203.0"
    "@aws-cdk/aws-ec2" "1.203.0"
    "@aws-cdk/aws-ecr" "1.203.0"
    "@aws-cdk/aws-ecs" "1.203.0"
    "@aws-cdk/aws-events" "1.203.0"
    "@aws-cdk/aws-events-targets" "1.203.0"
    "@aws-cdk/aws-iam" "1.203.0"
    "@aws-cdk/aws-kms" "1.203.0"
    "@aws-cdk/aws-lambda" "1.203.0"
    "@aws-cdk/aws-s3" "1.203.0"
    "@aws-cdk/aws-sns" "1.203.0"
    "@aws-cdk/aws-sns-subscriptions" "1.203.0"
    "@aws-cdk/aws-stepfunctions" "1.203.0"
    "@aws-cdk/core" "1.203.0"
    case "1.6.3"
    constructs "^3.3.69"

"@aws-cdk/aws-codepipeline@1.203.0", "@aws-cdk/aws-codepipeline@^1.203.0":
  version "1.203.0"
  resolved "https://registry.yarnpkg.com/@aws-cdk/aws-codepipeline/-/aws-codepipeline-1.203.0.tgz#4e37763835d9019f4e7012161b5f1b4d1aa44bcc"
  integrity sha512-kdrjGfNoAYDUbfJiLTGa7yVG/cCTq7T7SVMAKMJSU+vfgFujgn3trfLiV+ovBGrlLRQj5atWbEBSkyOS9UmeOQ==
  dependencies:
    "@aws-cdk/aws-codestarnotifications" "1.203.0"
    "@aws-cdk/aws-events" "1.203.0"
    "@aws-cdk/aws-iam" "1.203.0"
    "@aws-cdk/aws-kms" "1.203.0"
    "@aws-cdk/aws-s3" "1.203.0"
    "@aws-cdk/core" "1.203.0"
    constructs "^3.3.69"

"@aws-cdk/aws-codestarnotifications@1.203.0":
  version "1.203.0"
  resolved "https://registry.yarnpkg.com/@aws-cdk/aws-codestarnotifications/-/aws-codestarnotifications-1.203.0.tgz#47c16e73f819e6d5c4cc8bef642eb4ec256a103f"
  integrity sha512-Qd3iJiFx5Nt+rZRNnmMUmknNetq4069pUhOTv0NTxB+ZmWQ1leQ4iSrhQ5YOANWBK0+EtPMz9YBjKjE4zBPf+Q==
  dependencies:
    "@aws-cdk/core" "1.203.0"
    constructs "^3.3.69"

"@aws-cdk/aws-cognito@1.203.0":
  version "1.203.0"
  resolved "https://registry.yarnpkg.com/@aws-cdk/aws-cognito/-/aws-cognito-1.203.0.tgz#9c09290cf9ea524b4bf08cb79d43947361598096"
  integrity sha512-8+Fih6EQkVFN6HFW2jW61sOLsrk1WCKgmtJcJphP5BONWprhzSX2iCexCxlwMV4OpUkiADBmr8DIYyFy08X5jQ==
  dependencies:
    "@aws-cdk/aws-certificatemanager" "1.203.0"
    "@aws-cdk/aws-iam" "1.203.0"
    "@aws-cdk/aws-kms" "1.203.0"
    "@aws-cdk/aws-lambda" "1.203.0"
    "@aws-cdk/core" "1.203.0"
    "@aws-cdk/custom-resources" "1.203.0"
    constructs "^3.3.69"
    punycode "^2.3.0"

"@aws-cdk/aws-ec2@1.203.0", "@aws-cdk/aws-ec2@^1.124.0":
  version "1.203.0"
  resolved "https://registry.yarnpkg.com/@aws-cdk/aws-ec2/-/aws-ec2-1.203.0.tgz#989ec0419df2502e2150054bb6a281ffbb1e4dee"
  integrity sha512-6Q/kvAKsprESeGCYMYS9KiChDyhzMk6NerSreVD83UbcvUJU9EjGUJF+HJfRQXn66YjdOsXKcm89Ni31ftP5PQ==
  dependencies:
    "@aws-cdk/aws-cloudwatch" "1.203.0"
    "@aws-cdk/aws-iam" "1.203.0"
    "@aws-cdk/aws-kms" "1.203.0"
    "@aws-cdk/aws-logs" "1.203.0"
    "@aws-cdk/aws-s3" "1.203.0"
    "@aws-cdk/aws-s3-assets" "1.203.0"
    "@aws-cdk/aws-ssm" "1.203.0"
    "@aws-cdk/cloud-assembly-schema" "1.203.0"
    "@aws-cdk/core" "1.203.0"
    "@aws-cdk/cx-api" "1.203.0"
    "@aws-cdk/region-info" "1.203.0"
    constructs "^3.3.69"

"@aws-cdk/aws-ecr-assets@1.203.0":
  version "1.203.0"
  resolved "https://registry.yarnpkg.com/@aws-cdk/aws-ecr-assets/-/aws-ecr-assets-1.203.0.tgz#4323f7a3a6508e2810d483a61456406e24c89039"
  integrity sha512-wPAjllyLs+TvdakhwATjIyc5mBuNJFurPM2S1mo7YC4fURp2NOb9vHpIFgV9ZC+r8xadBFWt13de72cyl+h2iw==
  dependencies:
    "@aws-cdk/assets" "1.203.0"
    "@aws-cdk/aws-ecr" "1.203.0"
    "@aws-cdk/aws-iam" "1.203.0"
    "@aws-cdk/aws-s3" "1.203.0"
    "@aws-cdk/core" "1.203.0"
    "@aws-cdk/cx-api" "1.203.0"
    constructs "^3.3.69"

"@aws-cdk/aws-ecr@1.203.0", "@aws-cdk/aws-ecr@^1.203.0":
  version "1.203.0"
  resolved "https://registry.yarnpkg.com/@aws-cdk/aws-ecr/-/aws-ecr-1.203.0.tgz#43132d398208d13ab4e60d0490e61f2947dcf82b"
  integrity sha512-pMijGTZzncb10zJLuqDzFtHpVxpK2dQdD/1Md7FYF1Mm7/r2CFx4Q2H3f1fOi4sBXk3ftypV8X7HFzIrWPwCSg==
  dependencies:
    "@aws-cdk/aws-events" "1.203.0"
    "@aws-cdk/aws-iam" "1.203.0"
    "@aws-cdk/aws-kms" "1.203.0"
    "@aws-cdk/core" "1.203.0"
    constructs "^3.3.69"

"@aws-cdk/aws-ecs@1.203.0":
  version "1.203.0"
  resolved "https://registry.yarnpkg.com/@aws-cdk/aws-ecs/-/aws-ecs-1.203.0.tgz#29f03f848c4856cde307b09ae67b5824cd8428d3"
  integrity sha512-sJcS4UDrU2al0cR2J2EfMnLEwTuOlJA5IfZP/fUQcDbKKv6KSm1ux0M5/BbQOG37WM60YzIUNOwHgZ9ST1KZ7w==
  dependencies:
    "@aws-cdk/aws-applicationautoscaling" "1.203.0"
    "@aws-cdk/aws-autoscaling" "1.203.0"
    "@aws-cdk/aws-autoscaling-hooktargets" "1.203.0"
    "@aws-cdk/aws-certificatemanager" "1.203.0"
    "@aws-cdk/aws-cloudwatch" "1.203.0"
    "@aws-cdk/aws-ec2" "1.203.0"
    "@aws-cdk/aws-ecr" "1.203.0"
    "@aws-cdk/aws-ecr-assets" "1.203.0"
    "@aws-cdk/aws-elasticloadbalancing" "1.203.0"
    "@aws-cdk/aws-elasticloadbalancingv2" "1.203.0"
    "@aws-cdk/aws-iam" "1.203.0"
    "@aws-cdk/aws-kms" "1.203.0"
    "@aws-cdk/aws-lambda" "1.203.0"
    "@aws-cdk/aws-logs" "1.203.0"
    "@aws-cdk/aws-route53" "1.203.0"
    "@aws-cdk/aws-route53-targets" "1.203.0"
    "@aws-cdk/aws-s3" "1.203.0"
    "@aws-cdk/aws-s3-assets" "1.203.0"
    "@aws-cdk/aws-secretsmanager" "1.203.0"
    "@aws-cdk/aws-servicediscovery" "1.203.0"
    "@aws-cdk/aws-sns" "1.203.0"
    "@aws-cdk/aws-sqs" "1.203.0"
    "@aws-cdk/aws-ssm" "1.203.0"
    "@aws-cdk/core" "1.203.0"
    "@aws-cdk/cx-api" "1.203.0"
    constructs "^3.3.69"

"@aws-cdk/aws-efs@1.203.0":
  version "1.203.0"
  resolved "https://registry.yarnpkg.com/@aws-cdk/aws-efs/-/aws-efs-1.203.0.tgz#a304549e4079e2a92874275f7c0281b7c47013f9"
  integrity sha512-JYy8N7GwKCXjFpsBZZqy9VbS/zJGDSq8etXAvBsrscDveDzzQr4/6CiXYU70aL5lLV34ex07A5lKBmII9cqq0Q==
  dependencies:
    "@aws-cdk/aws-ec2" "1.203.0"
    "@aws-cdk/aws-iam" "1.203.0"
    "@aws-cdk/aws-kms" "1.203.0"
    "@aws-cdk/cloud-assembly-schema" "1.203.0"
    "@aws-cdk/core" "1.203.0"
    "@aws-cdk/cx-api" "1.203.0"
    constructs "^3.3.69"

"@aws-cdk/aws-elasticloadbalancing@1.203.0":
  version "1.203.0"
  resolved "https://registry.yarnpkg.com/@aws-cdk/aws-elasticloadbalancing/-/aws-elasticloadbalancing-1.203.0.tgz#aa11737f5838bf85a9a002f16c8a8dac17cace3e"
  integrity sha512-vMisBMaTM/85Hc6HFvc8mmIprie9/SUAtpO5HQrzW3+WuU+cJU0xEO/fLsysdVgjWvGrZfNudKQXRG0OLzE/Og==
  dependencies:
    "@aws-cdk/aws-ec2" "1.203.0"
    "@aws-cdk/core" "1.203.0"
    constructs "^3.3.69"

"@aws-cdk/aws-elasticloadbalancingv2@1.203.0":
  version "1.203.0"
  resolved "https://registry.yarnpkg.com/@aws-cdk/aws-elasticloadbalancingv2/-/aws-elasticloadbalancingv2-1.203.0.tgz#2f7e7abdf6ac1a17149e5327ff45e6fee3eafdaf"
  integrity sha512-Auws0z0InGeNOwrap3MhVIzdZYJH4+V9r7cmYR8MGWgWE0x1HQqKd5ZqzBa6yHeqglnAK44fk9PbSyjGlPYuuA==
  dependencies:
    "@aws-cdk/aws-certificatemanager" "1.203.0"
    "@aws-cdk/aws-cloudwatch" "1.203.0"
    "@aws-cdk/aws-ec2" "1.203.0"
    "@aws-cdk/aws-iam" "1.203.0"
    "@aws-cdk/aws-lambda" "1.203.0"
    "@aws-cdk/aws-route53" "1.203.0"
    "@aws-cdk/aws-s3" "1.203.0"
    "@aws-cdk/cloud-assembly-schema" "1.203.0"
    "@aws-cdk/core" "1.203.0"
    "@aws-cdk/cx-api" "1.203.0"
    "@aws-cdk/region-info" "1.203.0"
    constructs "^3.3.69"

"@aws-cdk/aws-events-targets@1.203.0":
  version "1.203.0"
  resolved "https://registry.yarnpkg.com/@aws-cdk/aws-events-targets/-/aws-events-targets-1.203.0.tgz#2f1a90e31264283d17db135266f4ee98c9384bfc"
  integrity sha512-oll24bdiga5uKWCm5EKU/I4gjVaVnNeWHXNXTVokeu37BHHl+XM6TYrhgittr9NsQ39wNvuD4HZTp4WpjR0fAA==
  dependencies:
    "@aws-cdk/aws-apigateway" "1.203.0"
    "@aws-cdk/aws-autoscaling" "1.203.0"
    "@aws-cdk/aws-codebuild" "1.203.0"
    "@aws-cdk/aws-codepipeline" "1.203.0"
    "@aws-cdk/aws-ec2" "1.203.0"
    "@aws-cdk/aws-ecs" "1.203.0"
    "@aws-cdk/aws-events" "1.203.0"
    "@aws-cdk/aws-iam" "1.203.0"
    "@aws-cdk/aws-kinesis" "1.203.0"
    "@aws-cdk/aws-kinesisfirehose" "1.203.0"
    "@aws-cdk/aws-kms" "1.203.0"
    "@aws-cdk/aws-lambda" "1.203.0"
    "@aws-cdk/aws-logs" "1.203.0"
    "@aws-cdk/aws-sns" "1.203.0"
    "@aws-cdk/aws-sns-subscriptions" "1.203.0"
    "@aws-cdk/aws-sqs" "1.203.0"
    "@aws-cdk/aws-stepfunctions" "1.203.0"
    "@aws-cdk/core" "1.203.0"
    "@aws-cdk/custom-resources" "1.203.0"
    constructs "^3.3.69"

"@aws-cdk/aws-events@1.203.0":
  version "1.203.0"
  resolved "https://registry.yarnpkg.com/@aws-cdk/aws-events/-/aws-events-1.203.0.tgz#2fd40f49c1cd89526237834e60c68602753d003b"
  integrity sha512-LYjKGqqosXG3HLAmvSAS/N5OSxH0uqHmDlisapwl4kEBPfSOvzzVF9TTuMulDYfSBV0Esspb3RIkXc/ja7f9JQ==
  dependencies:
    "@aws-cdk/aws-iam" "1.203.0"
    "@aws-cdk/core" "1.203.0"
    constructs "^3.3.69"

"@aws-cdk/aws-globalaccelerator@1.203.0":
  version "1.203.0"
  resolved "https://registry.yarnpkg.com/@aws-cdk/aws-globalaccelerator/-/aws-globalaccelerator-1.203.0.tgz#4da75674baa70f561cb17f45af8fd62bff398b37"
  integrity sha512-7rmibvDJ+mSwDElW65Ef8yxljoHC48hyvwbSMpn4w1i/P9ol9sovFS5U/eIdXt8FGaaxx156kAKOWS82GBzHlA==
  dependencies:
    "@aws-cdk/aws-ec2" "1.203.0"
    "@aws-cdk/core" "1.203.0"
    "@aws-cdk/custom-resources" "1.203.0"
    constructs "^3.3.69"

"@aws-cdk/aws-iam@1.203.0", "@aws-cdk/aws-iam@^1.124.0", "@aws-cdk/aws-iam@^1.203.0":
  version "1.203.0"
  resolved "https://registry.yarnpkg.com/@aws-cdk/aws-iam/-/aws-iam-1.203.0.tgz#839426b6be390db2bd47a05001dbde7831b467d2"
  integrity sha512-8qXLtOzkaLlk7WlssocExMYruOb59irhspTvHvf/kpcMBmWQoyNRC80Ab3QtXkZNBppfrMkROGZvqzW2GlxAwQ==
  dependencies:
    "@aws-cdk/core" "1.203.0"
    "@aws-cdk/cx-api" "1.203.0"
    "@aws-cdk/region-info" "1.203.0"
    constructs "^3.3.69"

"@aws-cdk/aws-kinesis@1.203.0":
  version "1.203.0"
  resolved "https://registry.yarnpkg.com/@aws-cdk/aws-kinesis/-/aws-kinesis-1.203.0.tgz#df8695981f653e04726cf3b6235c17af09d3445c"
  integrity sha512-gnjtXnOtjeki9goX076d8kQs7dJ632cc6lIDqjcdMkUMCsT5f9zm0Wxuir2hqPjU+JiS7xOYb1LKYAgbqLUlqg==
  dependencies:
    "@aws-cdk/aws-cloudwatch" "1.203.0"
    "@aws-cdk/aws-iam" "1.203.0"
    "@aws-cdk/aws-kms" "1.203.0"
    "@aws-cdk/aws-logs" "1.203.0"
    "@aws-cdk/core" "1.203.0"
    constructs "^3.3.69"

"@aws-cdk/aws-kinesisfirehose@1.203.0":
  version "1.203.0"
  resolved "https://registry.yarnpkg.com/@aws-cdk/aws-kinesisfirehose/-/aws-kinesisfirehose-1.203.0.tgz#22753df90b4ef42d9b4c8b08918e2b499d915bcf"
  integrity sha512-C048cAiHx2iBormVMOicnBWVOtovQtwtyXKG1DOCakfa/WhUEGUms6DIdJIbOuoAs/lnvJrjPQcfUyri8+uQUw==
  dependencies:
    "@aws-cdk/aws-cloudwatch" "1.203.0"
    "@aws-cdk/aws-ec2" "1.203.0"
    "@aws-cdk/aws-iam" "1.203.0"
    "@aws-cdk/aws-kinesis" "1.203.0"
    "@aws-cdk/aws-kms" "1.203.0"
    "@aws-cdk/aws-lambda" "1.203.0"
    "@aws-cdk/aws-logs" "1.203.0"
    "@aws-cdk/aws-s3" "1.203.0"
    "@aws-cdk/core" "1.203.0"
    "@aws-cdk/region-info" "1.203.0"
    constructs "^3.3.69"

"@aws-cdk/aws-kms@1.203.0":
  version "1.203.0"
  resolved "https://registry.yarnpkg.com/@aws-cdk/aws-kms/-/aws-kms-1.203.0.tgz#4352cecc9fe7b987c6d86c9da03064f0a824a8fc"
  integrity sha512-TlG5Td7pRrgo5xta0ePIp6x6+4uq0P+1K3tQtpjEFbD2E21krujXdWNdHmuvRoNsY5NbLhOCF5g6PNCdJdvLJA==
  dependencies:
    "@aws-cdk/aws-iam" "1.203.0"
    "@aws-cdk/cloud-assembly-schema" "1.203.0"
    "@aws-cdk/core" "1.203.0"
    "@aws-cdk/cx-api" "1.203.0"
    constructs "^3.3.69"

"@aws-cdk/aws-lambda-go@^1.203.0":
  version "1.203.0"
  resolved "https://registry.yarnpkg.com/@aws-cdk/aws-lambda-go/-/aws-lambda-go-1.203.0.tgz#a8eef0255181fba5155abb4334932daefe3b2366"
  integrity sha512-YI7TXJVD4PTixMX0vja4ctp43ZXmQwEXa3z2fOem1qp7MONc7MmKY65tCQuLR0dfyndZdXDTVqMbv39daIYa/w==
  dependencies:
    "@aws-cdk/aws-lambda" "1.203.0"
    "@aws-cdk/core" "1.203.0"
    constructs "^3.3.69"

"@aws-cdk/aws-lambda-python@1.203.0", "@aws-cdk/aws-lambda-python@^1.203.0":
  version "1.203.0"
  resolved "https://registry.yarnpkg.com/@aws-cdk/aws-lambda-python/-/aws-lambda-python-1.203.0.tgz#ea20beb0321e0356031056c7156bee0477fd66b4"
  integrity sha512-igxF+59c73pjSY3lPZ7CXJDXFw9Wq3/3D6CO/oKSfmrCCGpAxO4nXXk+yNhA17/Uj6uz4Z/SQZoUu2DJHufE2w==
  dependencies:
    "@aws-cdk/aws-ec2" "1.203.0"
    "@aws-cdk/aws-lambda" "1.203.0"
    "@aws-cdk/core" "1.203.0"
    constructs "^3.3.69"

"@aws-cdk/aws-lambda@1.203.0", "@aws-cdk/aws-lambda@^1.107.0", "@aws-cdk/aws-lambda@^1.124.0", "@aws-cdk/aws-lambda@^1.203.0":
  version "1.203.0"
  resolved "https://registry.yarnpkg.com/@aws-cdk/aws-lambda/-/aws-lambda-1.203.0.tgz#111c7f25e399daa0e3a02c381dc390a4188a66a3"
  integrity sha512-O88yvNpxi4tcizHhwRkGfEBg+WDoagxgwr2TUNFWkKQVEaL/by9BeZk84LNXLC6OO5WrnC+0qgSz1KHyDXMrqw==
  dependencies:
    "@aws-cdk/aws-applicationautoscaling" "1.203.0"
    "@aws-cdk/aws-cloudwatch" "1.203.0"
    "@aws-cdk/aws-codeguruprofiler" "1.203.0"
    "@aws-cdk/aws-ec2" "1.203.0"
    "@aws-cdk/aws-ecr" "1.203.0"
    "@aws-cdk/aws-ecr-assets" "1.203.0"
    "@aws-cdk/aws-efs" "1.203.0"
    "@aws-cdk/aws-events" "1.203.0"
    "@aws-cdk/aws-iam" "1.203.0"
    "@aws-cdk/aws-kms" "1.203.0"
    "@aws-cdk/aws-logs" "1.203.0"
    "@aws-cdk/aws-s3" "1.203.0"
    "@aws-cdk/aws-s3-assets" "1.203.0"
    "@aws-cdk/aws-signer" "1.203.0"
    "@aws-cdk/aws-sns" "1.203.0"
    "@aws-cdk/aws-sqs" "1.203.0"
    "@aws-cdk/core" "1.203.0"
    "@aws-cdk/cx-api" "1.203.0"
    "@aws-cdk/region-info" "1.203.0"
    constructs "^3.3.69"

"@aws-cdk/aws-logs@1.203.0":
  version "1.203.0"
  resolved "https://registry.yarnpkg.com/@aws-cdk/aws-logs/-/aws-logs-1.203.0.tgz#72a2351ef4d01ae84eed75ca2a849ca486cae05c"
  integrity sha512-I5/0+NuPdTRSq0cK8W1w8hHyGGj4mqTXFou0sHed3BUN4zYim2cB88uosOVMOhkpGRr19+FEwEThvyntRLcTOQ==
  dependencies:
    "@aws-cdk/aws-cloudwatch" "1.203.0"
    "@aws-cdk/aws-iam" "1.203.0"
    "@aws-cdk/aws-kms" "1.203.0"
    "@aws-cdk/aws-s3-assets" "1.203.0"
    "@aws-cdk/core" "1.203.0"
    "@aws-cdk/cx-api" "1.203.0"
    constructs "^3.3.69"

"@aws-cdk/aws-rds@1.203.0":
  version "1.203.0"
  resolved "https://registry.yarnpkg.com/@aws-cdk/aws-rds/-/aws-rds-1.203.0.tgz#6c5dbd5258f3bb4c5c2c6bd28b121e1ac333c5bb"
  integrity sha512-kCMVW5bjTqzO6wu3YGzWCbx/vqHVIduye3rINsPyI2x8zpsF/9qIkizk3mchcHPIjIFNE9bbflWf3YJU/f7kjg==
  dependencies:
    "@aws-cdk/aws-cloudwatch" "1.203.0"
    "@aws-cdk/aws-ec2" "1.203.0"
    "@aws-cdk/aws-events" "1.203.0"
    "@aws-cdk/aws-iam" "1.203.0"
    "@aws-cdk/aws-kms" "1.203.0"
    "@aws-cdk/aws-logs" "1.203.0"
    "@aws-cdk/aws-s3" "1.203.0"
    "@aws-cdk/aws-secretsmanager" "1.203.0"
    "@aws-cdk/core" "1.203.0"
    "@aws-cdk/cx-api" "1.203.0"
    constructs "^3.3.69"

"@aws-cdk/aws-route53-targets@1.203.0":
  version "1.203.0"
  resolved "https://registry.yarnpkg.com/@aws-cdk/aws-route53-targets/-/aws-route53-targets-1.203.0.tgz#509b1539af17b81df5d2c1ac82f4aacbec592e4b"
  integrity sha512-U2q4Aq1nxjJxXOqYJu2iKlXv1AkUsXh2Xr9kGpzl0ur6OLcaUd/kTqXMzJy9a4ltQyCo1GEb1nCnoWaHZYVVfw==
  dependencies:
    "@aws-cdk/aws-apigateway" "1.203.0"
    "@aws-cdk/aws-cloudfront" "1.203.0"
    "@aws-cdk/aws-cognito" "1.203.0"
    "@aws-cdk/aws-ec2" "1.203.0"
    "@aws-cdk/aws-elasticloadbalancing" "1.203.0"
    "@aws-cdk/aws-elasticloadbalancingv2" "1.203.0"
    "@aws-cdk/aws-globalaccelerator" "1.203.0"
    "@aws-cdk/aws-iam" "1.203.0"
    "@aws-cdk/aws-route53" "1.203.0"
    "@aws-cdk/aws-s3" "1.203.0"
    "@aws-cdk/core" "1.203.0"
    "@aws-cdk/region-info" "1.203.0"
    constructs "^3.3.69"

"@aws-cdk/aws-route53@1.203.0":
  version "1.203.0"
  resolved "https://registry.yarnpkg.com/@aws-cdk/aws-route53/-/aws-route53-1.203.0.tgz#5c793fca0e8a6d034689ffb807a0db253199e039"
  integrity sha512-u2lvS15JtZURBxK8SCMBcUaNOiBhHfWThk6wm7GfkoaSFsgdDnM/siePEHv8aau1PkRnXX4esy6RQGwIUohyfw==
  dependencies:
    "@aws-cdk/aws-ec2" "1.203.0"
    "@aws-cdk/aws-iam" "1.203.0"
    "@aws-cdk/aws-logs" "1.203.0"
    "@aws-cdk/cloud-assembly-schema" "1.203.0"
    "@aws-cdk/core" "1.203.0"
    "@aws-cdk/custom-resources" "1.203.0"
    constructs "^3.3.69"

"@aws-cdk/aws-s3-assets@1.203.0", "@aws-cdk/aws-s3-assets@^1.203.0":
  version "1.203.0"
  resolved "https://registry.yarnpkg.com/@aws-cdk/aws-s3-assets/-/aws-s3-assets-1.203.0.tgz#e591c2fdbf87ea5303f51414e5606acba91ddeb0"
  integrity sha512-BXvIWRdHmwNkpDbQXsB0hZWGJ3szB264Dq14CzWu6+6J8beaUNrT+1/z1mglr6S3UraHMsOhhSO48zT9k+MzhA==
  dependencies:
    "@aws-cdk/assets" "1.203.0"
    "@aws-cdk/aws-iam" "1.203.0"
    "@aws-cdk/aws-kms" "1.203.0"
    "@aws-cdk/aws-s3" "1.203.0"
    "@aws-cdk/core" "1.203.0"
    "@aws-cdk/cx-api" "1.203.0"
    constructs "^3.3.69"

"@aws-cdk/aws-s3@1.203.0", "@aws-cdk/aws-s3@^1.203.0":
  version "1.203.0"
  resolved "https://registry.yarnpkg.com/@aws-cdk/aws-s3/-/aws-s3-1.203.0.tgz#c0d5154c5595ffa67c5226dab5e243d494dd5c66"
  integrity sha512-xPxCv7l6zh7nGoFwLNzHmP07ULtWx/ubDE6l2ZqkRF4ZHVWoyTk7zVs4Q+BmRM1mUn0yDHyMTKKf887lQu9eVg==
  dependencies:
    "@aws-cdk/aws-events" "1.203.0"
    "@aws-cdk/aws-iam" "1.203.0"
    "@aws-cdk/aws-kms" "1.203.0"
    "@aws-cdk/core" "1.203.0"
    "@aws-cdk/cx-api" "1.203.0"
    constructs "^3.3.69"

"@aws-cdk/aws-sam@1.203.0":
  version "1.203.0"
  resolved "https://registry.yarnpkg.com/@aws-cdk/aws-sam/-/aws-sam-1.203.0.tgz#75d2e2fb9c71d4a3486dc9dcaaeb4d7a7f70f3e2"
  integrity sha512-bTq1mCd2MPIcLlh2etbubVPBNVBKVE/JTfcmXWF0YPFpPKbOmNobgp6APyJdwZDrpBzqNRRCoP1np9s2TUZyvA==
  dependencies:
    "@aws-cdk/core" "1.203.0"
    constructs "^3.3.69"

"@aws-cdk/aws-secretsmanager@1.203.0":
  version "1.203.0"
  resolved "https://registry.yarnpkg.com/@aws-cdk/aws-secretsmanager/-/aws-secretsmanager-1.203.0.tgz#051ab38eb79c4f148d9c708d2ee434a2829885e4"
  integrity sha512-B3oIHys70F7OtEDe6pqPm4BWYk+M1T6WMmzTMyJsgomXSzqAlo9MdzuzLY4yOIvFDEHZNet05om40aXEWi5omw==
  dependencies:
    "@aws-cdk/aws-ec2" "1.203.0"
    "@aws-cdk/aws-iam" "1.203.0"
    "@aws-cdk/aws-kms" "1.203.0"
    "@aws-cdk/aws-lambda" "1.203.0"
    "@aws-cdk/aws-sam" "1.203.0"
    "@aws-cdk/core" "1.203.0"
    "@aws-cdk/cx-api" "1.203.0"
    constructs "^3.3.69"

"@aws-cdk/aws-servicediscovery@1.203.0":
  version "1.203.0"
  resolved "https://registry.yarnpkg.com/@aws-cdk/aws-servicediscovery/-/aws-servicediscovery-1.203.0.tgz#f55917c9931b1bc81d75366dd55b3fef9fdc10ab"
  integrity sha512-0bSKhFzzbYiKvYumTxch/yJJepeQXBafL1+vyPL5YzzmapGiPZvNUTVL6H3I6ljoCEqg1aJHMQeCFyInhbh3LA==
  dependencies:
    "@aws-cdk/aws-ec2" "1.203.0"
    "@aws-cdk/aws-elasticloadbalancingv2" "1.203.0"
    "@aws-cdk/aws-route53" "1.203.0"
    "@aws-cdk/core" "1.203.0"
    constructs "^3.3.69"

"@aws-cdk/aws-signer@1.203.0":
  version "1.203.0"
  resolved "https://registry.yarnpkg.com/@aws-cdk/aws-signer/-/aws-signer-1.203.0.tgz#6281374f67ac62853bd8396ace0e546f9ff91f16"
  integrity sha512-czHs8DIIA2wxYW2iFTEWAVydFURMvyZO+rtv7V4LXV9G18qRdBVxyx7VU2Lhr8nd5sg+uPV4Vonjt8OvUfO12A==
  dependencies:
    "@aws-cdk/core" "1.203.0"
    constructs "^3.3.69"

"@aws-cdk/aws-sns-subscriptions@1.203.0":
  version "1.203.0"
  resolved "https://registry.yarnpkg.com/@aws-cdk/aws-sns-subscriptions/-/aws-sns-subscriptions-1.203.0.tgz#2f16ed2457e6100f384a856f6ee473a525cfec44"
  integrity sha512-/HJgWyuTYTMvfmDMvaYOKeo9CnBZ9ljgcivRbErxbzNKgcSQYGOz+Fgfxuk39bRcaCHQ+03OKqP/Jtd3W4X6+g==
  dependencies:
    "@aws-cdk/aws-iam" "1.203.0"
    "@aws-cdk/aws-kms" "1.203.0"
    "@aws-cdk/aws-lambda" "1.203.0"
    "@aws-cdk/aws-sns" "1.203.0"
    "@aws-cdk/aws-sqs" "1.203.0"
    "@aws-cdk/core" "1.203.0"
    constructs "^3.3.69"

"@aws-cdk/aws-sns@1.203.0":
  version "1.203.0"
  resolved "https://registry.yarnpkg.com/@aws-cdk/aws-sns/-/aws-sns-1.203.0.tgz#99f0453f5c8db18acbacf6e72f5d2cae2896875b"
  integrity sha512-9HBgItNq7zM+ElEUEnomHjAgYsZWOjHaafv1x+Gbk/UH4xKzoM7t6kdlRa0qCVeyWhaClGCyRAJtOP42UiGmSg==
  dependencies:
    "@aws-cdk/aws-cloudwatch" "1.203.0"
    "@aws-cdk/aws-codestarnotifications" "1.203.0"
    "@aws-cdk/aws-events" "1.203.0"
    "@aws-cdk/aws-iam" "1.203.0"
    "@aws-cdk/aws-kms" "1.203.0"
    "@aws-cdk/aws-sqs" "1.203.0"
    "@aws-cdk/core" "1.203.0"
    constructs "^3.3.69"

"@aws-cdk/aws-sqs@1.203.0":
  version "1.203.0"
  resolved "https://registry.yarnpkg.com/@aws-cdk/aws-sqs/-/aws-sqs-1.203.0.tgz#daa22924794e8585efafa7d737724044ada033b2"
  integrity sha512-GDSWc/O9HcxjP4pbCYuZjqE2GXymzvv6rM8Q17NtERACpUMf/eAuNITLCulE1Y6ufE9A9/lgkT96I3QLd9HBNw==
  dependencies:
    "@aws-cdk/aws-cloudwatch" "1.203.0"
    "@aws-cdk/aws-iam" "1.203.0"
    "@aws-cdk/aws-kms" "1.203.0"
    "@aws-cdk/core" "1.203.0"
    constructs "^3.3.69"

"@aws-cdk/aws-ssm@1.203.0":
  version "1.203.0"
  resolved "https://registry.yarnpkg.com/@aws-cdk/aws-ssm/-/aws-ssm-1.203.0.tgz#6cd120d9c0eec7dcd1bf299e733db602e5986181"
  integrity sha512-zR/eLVPO+O3MMbnMgWSLybrj7VxIt1d90QPHPZMV92hYdzWDKBfVZ09P82muNILRF+SMcK7TrFLCDi5Nos0S2g==
  dependencies:
    "@aws-cdk/aws-iam" "1.203.0"
    "@aws-cdk/aws-kms" "1.203.0"
    "@aws-cdk/cloud-assembly-schema" "1.203.0"
    "@aws-cdk/core" "1.203.0"
    constructs "^3.3.69"

"@aws-cdk/aws-stepfunctions@1.203.0":
  version "1.203.0"
  resolved "https://registry.yarnpkg.com/@aws-cdk/aws-stepfunctions/-/aws-stepfunctions-1.203.0.tgz#e5b84788c183890002e228bd912989e1c172f748"
  integrity sha512-2u884kIL+y2HSyo9sh2ovb7iOYyi5Imnu6wdclyQrsM+RgIAw6WAJnOa/HoR7KimlWdfpx7pdV5FQaMu1LRXfQ==
  dependencies:
    "@aws-cdk/aws-cloudwatch" "1.203.0"
    "@aws-cdk/aws-events" "1.203.0"
    "@aws-cdk/aws-iam" "1.203.0"
    "@aws-cdk/aws-logs" "1.203.0"
    "@aws-cdk/aws-s3" "1.203.0"
    "@aws-cdk/core" "1.203.0"
    constructs "^3.3.69"

"@aws-cdk/cloud-assembly-schema@1.203.0":
  version "1.203.0"
  resolved "https://registry.yarnpkg.com/@aws-cdk/cloud-assembly-schema/-/cloud-assembly-schema-1.203.0.tgz#f972e67ec3c43199fd653dd585e7159b4cf221f9"
  integrity sha512-r252InZ8Oh7q7ztriaA3n6F48QOFVfNcT/KO4XOlYyt1xDWRMENDYf+D+DVr6O5klcaa3ivvvDT7DRuW3xdVOQ==
  dependencies:
    jsonschema "^1.4.1"
    semver "^7.3.8"

"@aws-cdk/core@1.203.0", "@aws-cdk/core@^1.107.0", "@aws-cdk/core@^1.124.0", "@aws-cdk/core@^1.203.0":
  version "1.203.0"
  resolved "https://registry.yarnpkg.com/@aws-cdk/core/-/core-1.203.0.tgz#5c4746ef903bc8b826a8760de8a78900ed58fd65"
  integrity sha512-3/quPwnGWKHm/Bzna/du5WP5a/Wp/NYqDyL1rJ1A3EPpsRQYywJPj77+M8nG5sD5qNIoFbhN7Q5aee+bcS7GGA==
  dependencies:
    "@aws-cdk/cloud-assembly-schema" "1.203.0"
    "@aws-cdk/cx-api" "1.203.0"
    "@aws-cdk/region-info" "1.203.0"
    "@balena/dockerignore" "^1.0.2"
    constructs "^3.3.69"
    fs-extra "^9.1.0"
    ignore "^5.2.4"
    minimatch "^3.1.2"

"@aws-cdk/custom-resources@1.203.0", "@aws-cdk/custom-resources@^1.203.0":
  version "1.203.0"
  resolved "https://registry.yarnpkg.com/@aws-cdk/custom-resources/-/custom-resources-1.203.0.tgz#be9cdebfbb62e549c67d9ee47ac9baddfec73407"
  integrity sha512-JpUH3d5gG/2MrWCbnFC96FgRGUqcecY84xZHsfTKUlPQ2bUzElHih2tvbR21DQ5ZIKvFznol3DheduDSD/TgpQ==
  dependencies:
    "@aws-cdk/aws-cloudformation" "1.203.0"
    "@aws-cdk/aws-ec2" "1.203.0"
    "@aws-cdk/aws-iam" "1.203.0"
    "@aws-cdk/aws-lambda" "1.203.0"
    "@aws-cdk/aws-logs" "1.203.0"
    "@aws-cdk/aws-sns" "1.203.0"
    "@aws-cdk/core" "1.203.0"
    constructs "^3.3.69"

"@aws-cdk/cx-api@1.203.0":
  version "1.203.0"
  resolved "https://registry.yarnpkg.com/@aws-cdk/cx-api/-/cx-api-1.203.0.tgz#d9decceaf6f168b0adf41269f51d3c466d65b11d"
  integrity sha512-W2flnJFGytifPw2ojEsh9l8MAI4UANaUcMKr+qt4eJmFwrtVcS7nasdJQGSatQdxkAwd2pX4x10brAHYoAqjjQ==
  dependencies:
    "@aws-cdk/cloud-assembly-schema" "1.203.0"
    semver "^7.3.8"

"@aws-cdk/region-info@1.203.0":
  version "1.203.0"
  resolved "https://registry.yarnpkg.com/@aws-cdk/region-info/-/region-info-1.203.0.tgz#9e9ba598022082da0a8a6be8eb03fc909ca6e6dc"
  integrity sha512-3GzFYrdUO2NGcOrlIJ1TvjRxB0/ntBEyQgwFtVJQSvt3msCznE/w1n6pZS+oDF12NWtIPFbsJ5zTGdJ+PLMJhg==

"@balena/dockerignore@^1.0.2":
  version "1.0.2"
  resolved "https://registry.yarnpkg.com/@balena/dockerignore/-/dockerignore-1.0.2.tgz#9ffe4726915251e8eb69f44ef3547e0da2c03e0d"
  integrity sha512-wMue2Sy4GAVTk6Ic4tJVcnfdau+gx2EnG7S+uAEe+TWJFqE4YoWN4/H8MSLj4eYJKxGg26lZwboEniNiNwZQ6Q==

"@cspotcode/source-map-support@^0.8.0":
  version "0.8.1"
  resolved "https://registry.yarnpkg.com/@cspotcode/source-map-support/-/source-map-support-0.8.1.tgz#00629c35a688e05a88b1cda684fb9d5e73f000a1"
  integrity sha512-IchNf6dN4tHoMFIn/7OE8LWZ19Y6q/67Bmf6vnGREv8RSbBVb9LPJxEcnwrcwX6ixSvaiGoomAUvu4YSxXrVgw==
  dependencies:
    "@jridgewell/trace-mapping" "0.3.9"

"@engr-lynx/cdk-forked-codecommit@^0.203.2":
  version "0.203.2"
  resolved "https://registry.yarnpkg.com/@engr-lynx/cdk-forked-codecommit/-/cdk-forked-codecommit-0.203.2.tgz#53cddb6e20d8f28d7ce5f1da1e658b2bcaa71232"
  integrity sha512-vBZITstEbGw/XRiKWRcrzhiE3tc9M5+5wGv/jCy8rzzpoIUB51Xkq4nZR28i3dPUk8gsW6f+Jfm0E2zpZfmTkg==
  dependencies:
    "@aws-cdk/aws-codecommit" "^1.203.0"
    "@aws-cdk/aws-lambda-go" "^1.203.0"
    "@aws-cdk/core" "^1.203.0"
    "@engr-lynx/cdk-service-patterns" "^0.203.1"
    cdk-triggers "^0.0.206"

"@engr-lynx/cdk-pipeline-builder@^0.203.0":
  version "0.203.0"
  resolved "https://registry.yarnpkg.com/@engr-lynx/cdk-pipeline-builder/-/cdk-pipeline-builder-0.203.0.tgz#aef1de4158d72edd2d0ede6b8437c685b3174954"
  integrity sha512-3zOvv+T1RkskO3AGsAIN4N5o0oDZugM2SnJsA+z/MUkBrcM15oGJAqh7b1kfzDQXH36uIyl7J5lgJgBSuQ7c2A==
  dependencies:
    "@aws-cdk/aws-codebuild" "^1.203.0"
    "@aws-cdk/aws-codecommit" "^1.203.0"
    "@aws-cdk/aws-codepipeline" "^1.203.0"
    "@aws-cdk/aws-codepipeline-actions" "^1.203.0"
    "@aws-cdk/aws-ecr" "^1.203.0"
    "@aws-cdk/aws-iam" "^1.203.0"
    "@aws-cdk/aws-lambda" "^1.203.0"
    "@aws-cdk/aws-lambda-python" "^1.203.0"
    "@aws-cdk/aws-s3" "^1.203.0"
    "@aws-cdk/aws-s3-assets" "^1.203.0"
    "@aws-cdk/core" "^1.203.0"
    "@engr-lynx/cdk-service-patterns" "^0.203.1"

"@engr-lynx/cdk-service-patterns@^0.203.1":
  version "0.203.1"
  resolved "https://registry.yarnpkg.com/@engr-lynx/cdk-service-patterns/-/cdk-service-patterns-0.203.1.tgz#df108ef3c4b51251955e40e22b65b867e8adcd58"
  integrity sha512-Lr9YI/BhQLLgOUmnyiuG3YglLUsPGaq/7sIL4J7W7tS6SPfnD11DDdpyoKBf7U5psBUIPuG+pfxoxsXJnzDguA==
  dependencies:
    "@aws-cdk/aws-apprunner" "^1.203.0"
    "@aws-cdk/aws-cloudfront" "^1.203.0"
    "@aws-cdk/aws-ecr" "^1.203.0"
    "@aws-cdk/aws-iam" "^1.203.0"
    "@aws-cdk/aws-lambda-python" "^1.203.0"
    "@aws-cdk/aws-s3" "^1.203.0"
    "@aws-cdk/core" "^1.203.0"
    "@aws-cdk/custom-resources" "^1.203.0"

"@jridgewell/resolve-uri@^3.0.3":
  version "3.1.1"
  resolved "https://registry.yarnpkg.com/@jridgewell/resolve-uri/-/resolve-uri-3.1.1.tgz#c08679063f279615a3326583ba3a90d1d82cc721"
  integrity sha512-dSYZh7HhCDtCKm4QakX0xFpsRDqjjtZf/kjI/v3T3Nwt5r8/qz/M19F9ySyOqU94SXBmeG9ttTul+YnR4LOxFA==

"@jridgewell/sourcemap-codec@^1.4.10":
  version "1.4.15"
  resolved "https://registry.yarnpkg.com/@jridgewell/sourcemap-codec/-/sourcemap-codec-1.4.15.tgz#d7c6e6755c78567a951e04ab52ef0fd26de59f32"
  integrity sha512-eF2rxCRulEKXHTRiDrDy6erMYWqNw4LPdQ8UQA4huuxaQsVeRPFl2oM8oDGxMFhJUWZf9McpLtJasDDZb/Bpeg==

"@jridgewell/trace-mapping@0.3.9":
  version "0.3.9"
  resolved "https://registry.yarnpkg.com/@jridgewell/trace-mapping/-/trace-mapping-0.3.9.tgz#6534fd5933a53ba7cbf3a17615e273a0d1273ff9"
  integrity sha512-3Belt6tdc8bPgAtbcmdtNJlirVoTmEb5e2gC94PnkwEW9jI6CAHUeoG85tjWP5WquqfavoMtMwiG4P926ZKKuQ==
  dependencies:
    "@jridgewell/resolve-uri" "^3.0.3"
    "@jridgewell/sourcemap-codec" "^1.4.10"

"@tsconfig/node10@^1.0.7":
  version "1.0.9"
  resolved "https://registry.yarnpkg.com/@tsconfig/node10/-/node10-1.0.9.tgz#df4907fc07a886922637b15e02d4cebc4c0021b2"
  integrity sha512-jNsYVVxU8v5g43Erja32laIDHXeoNvFEpX33OK4d6hljo3jDhCBDhx5dhCCTMWUojscpAagGiRkBKxpdl9fxqA==

"@tsconfig/node12@^1.0.7":
  version "1.0.11"
  resolved "https://registry.yarnpkg.com/@tsconfig/node12/-/node12-1.0.11.tgz#ee3def1f27d9ed66dac6e46a295cffb0152e058d"
  integrity sha512-cqefuRsh12pWyGsIoBKJA9luFu3mRxCA+ORZvA4ktLSzIuCUtWVxGIuXigEwO5/ywWFMZ2QEGKWvkZG1zDMTag==

"@tsconfig/node14@^1.0.0":
  version "1.0.3"
  resolved "https://registry.yarnpkg.com/@tsconfig/node14/-/node14-1.0.3.tgz#e4386316284f00b98435bf40f72f75a09dabf6c1"
  integrity sha512-ysT8mhdixWK6Hw3i1V2AeRqZ5WfXg1G43mqoYlM2nc6388Fq5jcXyr5mRsqViLx/GJYdoL0bfXD8nmF+Zn/Iow==

"@tsconfig/node16@^1.0.2":
  version "1.0.4"
  resolved "https://registry.yarnpkg.com/@tsconfig/node16/-/node16-1.0.4.tgz#0b92dcc0cc1c81f6f306a381f28e31b1a56536e9"
  integrity sha512-vxhUy4J8lyeyinH7Azl1pdd43GJhZH/tP2weN8TntQblOY+A0XbT8DJk1/oCPuOOyg/Ja757rG0CgHcWC8OfMA==

"@types/node@^16.7.10":
  version "16.18.34"
  resolved "https://registry.yarnpkg.com/@types/node/-/node-16.18.34.tgz#62d2099b30339dec4b1b04a14c96266459d7c8b2"
  integrity sha512-VmVm7gXwhkUimRfBwVI1CHhwp86jDWR04B5FGebMMyxV90SlCmFujwUHrxTD4oO+SOYU86SoxvhgeRQJY7iXFg==

acorn-walk@^8.1.1:
  version "8.2.0"
  resolved "https://registry.yarnpkg.com/acorn-walk/-/acorn-walk-8.2.0.tgz#741210f2e2426454508853a2f44d0ab83b7f69c1"
  integrity sha512-k+iyHEuPgSw6SbuDpGQM+06HQUa04DZ3o+F6CSzXMvvI5KMvnaEqXe+YVe555R9nn6GPt404fos4wcgpw12SDA==

acorn@^8.4.1:
  version "8.8.2"
  resolved "https://registry.yarnpkg.com/acorn/-/acorn-8.8.2.tgz#1b2f25db02af965399b9776b0c2c391276d37c4a"
  integrity sha512-xjIYgE8HBrkpd/sJqOGNspf8uHG+NOHGOw6a/Urj8taM2EXfdNAH2oFcPeIFfsv3+kz/mJrS5VuMqbNLjCa2vw==

arg@^4.1.0:
  version "4.1.3"
  resolved "https://registry.yarnpkg.com/arg/-/arg-4.1.3.tgz#269fc7ad5b8e42cb63c896d5666017261c144089"
  integrity sha512-58S9QDqG0Xx27YwPSt9fJxivjYl432YCwfDMfZ+71RAqUrZef7LrKQZ3LHLOwCS4FLNBplP533Zx895SeOCHvA==

at-least-node@^1.0.0:
  version "1.0.0"
  resolved "https://registry.yarnpkg.com/at-least-node/-/at-least-node-1.0.0.tgz#602cd4b46e844ad4effc92a8011a3c46e0238dc2"
  integrity sha512-+q/t7Ekv1EDY2l6Gda6LLiX14rU9TV20Wa3ofeQmwPFZbOMo9DXrLbOjFaaclkXKWidIaopwAObQDqwWtGUjqg==

aws-cdk@1.203.0:
  version "1.203.0"
  resolved "https://registry.yarnpkg.com/aws-cdk/-/aws-cdk-1.203.0.tgz#0c6e8ff0d081fdb94c46585181d9742326a10e37"
  integrity sha512-9nghEa+JGzh7LEz2Yl2q4v+76Uf+Y4A4Pa38PSsNgI0jAwnBAz5NaC3MB4Tdzd5szSfQuS72u5Uuxh6Lz1H0ow==
  optionalDependencies:
    fsevents "2.3.2"

balanced-match@^1.0.0:
  version "1.0.2"
  resolved "https://registry.yarnpkg.com/balanced-match/-/balanced-match-1.0.2.tgz#e83e3a7e3f300b34cb9d87f615fa0cbf357690ee"
  integrity sha512-3oSeUO0TMV67hN1AmbXsK4yaqU7tjiHlbxRDZOpH0KW9+CeX4bRAaX0Anxt0tx2MrpRpWwQaPwIlISEJhYU5Pw==

brace-expansion@^1.1.7:
  version "1.1.11"
  resolved "https://registry.yarnpkg.com/brace-expansion/-/brace-expansion-1.1.11.tgz#3c7fcbf529d87226f3d2f52b966ff5271eb441dd"
  integrity sha512-iCuPHDFgrHX7H2vEI/5xpz07zSHB00TpugqhmYtVmMO6518mCuRMoOYFldEBl0g187ufozdaHgWKcYFb61qGiA==
  dependencies:
    balanced-match "^1.0.0"
    concat-map "0.0.1"

buffer-from@^1.0.0:
  version "1.1.2"
  resolved "https://registry.yarnpkg.com/buffer-from/-/buffer-from-1.1.2.tgz#2b146a6fd72e80b4f55d255f35ed59a3a9a41bd5"
  integrity sha512-E+XQCRwSbaaiChtv6k6Dwgc+bx+Bs6vuKJHHl5kox/BaKbhiXzqQOwK4cO22yElGp2OCmjwVhT3HmxgyPGnJfQ==

case@1.6.3:
  version "1.6.3"
  resolved "https://registry.yarnpkg.com/case/-/case-1.6.3.tgz#0a4386e3e9825351ca2e6216c60467ff5f1ea1c9"
  integrity sha512-mzDSXIPaFwVDvZAHqZ9VlbyF4yyXRuX6IvB06WvPYkqJVO24kX1PPhv9bfpKNFZyxYFmmgo03HUiD8iklmJYRQ==

cdk-ecr-deployment@^0.0.75:
  version "0.0.75"
  resolved "https://registry.yarnpkg.com/cdk-ecr-deployment/-/cdk-ecr-deployment-0.0.75.tgz#f9fba97e3bbc4fe8b5878ff1c234f49babfb0497"
  integrity sha512-2MAli+t88YyoepupXBAIU8jRtMZmkbYz5IzFJuScZbShce63z2p72nwZEcpxJiedArpnMg7a/Bz2piNWvGC0xw==
  dependencies:
    "@aws-cdk/aws-ec2" "^1.124.0"
    "@aws-cdk/aws-iam" "^1.124.0"
    "@aws-cdk/aws-lambda" "^1.124.0"
    "@aws-cdk/core" "^1.124.0"

cdk-triggers@^0.0.125:
  version "0.0.125"
  resolved "https://registry.yarnpkg.com/cdk-triggers/-/cdk-triggers-0.0.125.tgz#63e2a9d00c52e23048258b458d7b3a6c2a685ede"
  integrity sha512-jVehfkkZt+KXtN/B82+szxQoE9r4NCb3sTulvNBi3KrJaWaj3S9WIk/QWcs8te99x2jENsPwArSVl9PaYKuqlQ==
  dependencies:
    "@aws-cdk/aws-lambda" "^1.107.0"
    "@aws-cdk/core" "^1.107.0"

cdk-triggers@^0.0.206:
  version "0.0.206"
  resolved "https://registry.yarnpkg.com/cdk-triggers/-/cdk-triggers-0.0.206.tgz#02daffc1d60597d350fa515c4ee3157f8ba07a96"
  integrity sha512-Aj6v/iCPk7xQp9Ro7PiBoUQiSd5oQJLY1TZ8UwzZfXRcLWWw3CcuhYZe0wPqRhdphhfD8DwHuaA6ldOM8PYQ6g==
  dependencies:
    "@aws-cdk/aws-lambda" "^1.107.0"
    "@aws-cdk/core" "^1.107.0"

concat-map@0.0.1:
  version "0.0.1"
  resolved "https://registry.yarnpkg.com/concat-map/-/concat-map-0.0.1.tgz#d8a96bd77fd68df7793a73036a3ba0d5405d477b"
  integrity sha512-/Srv4dswyQNBfohGpz9o6Yb3Gz3SrUDqBH5rTuhGR7ahtlbYKnVxw2bCFMRljaA7EXHaXZ8wsHdodFvbkhKmqg==

constructs@^3.3.69:
  version "3.4.318"
  resolved "https://registry.yarnpkg.com/constructs/-/constructs-3.4.318.tgz#45f9aa6aeca1aa40364abda1027f983012a90732"
  integrity sha512-7V1sFnlSlgLWZw55YvGsYTQU9ug0js775uaEMaLLZDSO54RNrswVyik93VPChJw2/yKoP1f/ON2KxtZKbcQQCw==

create-require@^1.1.0:
  version "1.1.1"
  resolved "https://registry.yarnpkg.com/create-require/-/create-require-1.1.1.tgz#c1d7e8f1e5f6cfc9ff65f9cd352d37348756c333"
  integrity sha512-dcKFX3jn0MpIaXjisoRvexIJVEKzaq7z2rZKxf+MSr9TkdmHmsU4m2lcLojrj/FHl8mk5VxMmYA+ftRkP/3oKQ==

diff@^4.0.1:
  version "4.0.2"
  resolved "https://registry.yarnpkg.com/diff/-/diff-4.0.2.tgz#60f3aecb89d5fae520c11aa19efc2bb982aade7d"
  integrity sha512-58lmxKSA4BNyLz+HHMUzlOEpg09FV+ev6ZMe3vJihgdxzgcwZ8VoEEPmALCZG9LmqfVoNMMKpttIYTVG6uDY7A==

fs-extra@^9.1.0:
  version "9.1.0"
  resolved "https://registry.yarnpkg.com/fs-extra/-/fs-extra-9.1.0.tgz#5954460c764a8da2094ba3554bf839e6b9a7c86d"
  integrity sha512-hcg3ZmepS30/7BSFqRvoo3DOMQu7IjqxO5nCDt+zM9XWjb33Wg7ziNT+Qvqbuc3+gWpzO02JubVyk2G4Zvo1OQ==
  dependencies:
    at-least-node "^1.0.0"
    graceful-fs "^4.2.0"
    jsonfile "^6.0.1"
    universalify "^2.0.0"

fsevents@2.3.2:
  version "2.3.2"
  resolved "https://registry.yarnpkg.com/fsevents/-/fsevents-2.3.2.tgz#8a526f78b8fdf4623b709e0b975c52c24c02fd1a"
  integrity sha512-xiqMQR4xAeHTuB9uWm+fFRcIOgKBMiOBP+eXiyT7jsgVCq1bkVygt00oASowB7EdtpOHaaPgKt812P9ab+DDKA==

graceful-fs@^4.1.6, graceful-fs@^4.2.0:
  version "4.2.11"
  resolved "https://registry.yarnpkg.com/graceful-fs/-/graceful-fs-4.2.11.tgz#4183e4e8bf08bb6e05bbb2f7d2e0c8f712ca40e3"
  integrity sha512-RbJ5/jmFcNNCcDV5o9eTnBLJ/HszWV0P73bc+Ff4nS/rJj+YaS6IGyiOL0VoBYX+l1Wrl3k63h/KrH+nhJ0XvQ==

ignore@^5.2.4:
  version "5.2.4"
  resolved "https://registry.yarnpkg.com/ignore/-/ignore-5.2.4.tgz#a291c0c6178ff1b960befe47fcdec301674a6324"
  integrity sha512-MAb38BcSbH0eHNBxn7ql2NH/kX33OkB3lZ1BNdh7ENeRChHTYsTvWrMubiIAMNS2llXEEgZ1MUOBtXChP3kaFQ==

jsonfile@^6.0.1:
  version "6.1.0"
  resolved "https://registry.yarnpkg.com/jsonfile/-/jsonfile-6.1.0.tgz#bc55b2634793c679ec6403094eb13698a6ec0aae"
  integrity sha512-5dgndWOriYSm5cnYaJNhalLNDKOqFwyDB/rr1E9ZsGciGvKPs8R2xYGCacuf3z6K1YKDz182fd+fY3cn3pMqXQ==
  dependencies:
    universalify "^2.0.0"
  optionalDependencies:
    graceful-fs "^4.1.6"

jsonschema@^1.4.1:
  version "1.4.1"
  resolved "https://registry.yarnpkg.com/jsonschema/-/jsonschema-1.4.1.tgz#cc4c3f0077fb4542982973d8a083b6b34f482dab"
  integrity sha512-S6cATIPVv1z0IlxdN+zUk5EPjkGCdnhN4wVSBlvoUO1tOLJootbo9CquNJmbIh4yikWHiUedhRYrNPn1arpEmQ==

lru-cache@^6.0.0:
  version "6.0.0"
  resolved "https://registry.yarnpkg.com/lru-cache/-/lru-cache-6.0.0.tgz#6d6fe6570ebd96aaf90fcad1dafa3b2566db3a94"
  integrity sha512-Jo6dJ04CmSjuznwJSS3pUeWmd/H0ffTlkXXgwZi+eq1UCmqQwCh+eLsYOYCwY991i2Fah4h1BEMCx4qThGbsiA==
  dependencies:
    yallist "^4.0.0"

make-error@^1.1.1:
  version "1.3.6"
  resolved "https://registry.yarnpkg.com/make-error/-/make-error-1.3.6.tgz#2eb2e37ea9b67c4891f684a1394799af484cf7a2"
  integrity sha512-s8UhlNe7vPKomQhC1qFelMokr/Sc3AgNbso3n74mVPA5LTZwkB9NlXf4XPamLxJE8h0gh73rM94xvwRT2CVInw==

minimatch@^3.1.2:
  version "3.1.2"
  resolved "https://registry.yarnpkg.com/minimatch/-/minimatch-3.1.2.tgz#19cd194bfd3e428f049a70817c038d89ab4be35b"
  integrity sha512-J7p63hRiAjw1NDEww1W7i37+ByIrOWO5XQQAzZ3VOcL0PNybwpfmV/N05zFAzwQ9USyEcX6t3UO+K5aqBQOIHw==
  dependencies:
    brace-expansion "^1.1.7"

punycode@^2.3.0:
  version "2.3.0"
  resolved "https://registry.yarnpkg.com/punycode/-/punycode-2.3.0.tgz#f67fa67c94da8f4d0cfff981aee4118064199b8f"
  integrity sha512-rRV+zQD8tVFys26lAGR9WUuS4iUAngJScM+ZRSKtvl5tKeZ2t5bvdNFdNHBW9FWR4guGHlgmsZ1G7BSm2wTbuA==

semver@^7.3.8:
  version "7.5.1"
  resolved "https://registry.yarnpkg.com/semver/-/semver-7.5.1.tgz#c90c4d631cf74720e46b21c1d37ea07edfab91ec"
  integrity sha512-Wvss5ivl8TMRZXXESstBA4uR5iXgEN/VC5/sOcuXdVLzcdkz4HWetIoRfG5gb5X+ij/G9rw9YoGn3QoQ8OCSpw==
  dependencies:
    lru-cache "^6.0.0"

source-map-support@^0.5.16:
  version "0.5.21"
  resolved "https://registry.yarnpkg.com/source-map-support/-/source-map-support-0.5.21.tgz#04fe7c7f9e1ed2d662233c28cb2b35b9f63f6e4f"
  integrity sha512-uBHU3L3czsIyYXKX88fdrGovxdSCoTGDRZ6SYXtSRxLZUzHg5P/66Ht6uoUlHu9EZod+inXhKo3qQgwXUT/y1w==
  dependencies:
    buffer-from "^1.0.0"
    source-map "^0.6.0"

source-map@^0.6.0:
  version "0.6.1"
  resolved "https://registry.yarnpkg.com/source-map/-/source-map-0.6.1.tgz#74722af32e9614e9c287a8d0bbde48b5e2f1a263"
  integrity sha512-UjgapumWlbMhkBgzT7Ykc5YXUT46F0iKu8SGXq0bcwP5dz/h0Plj6enJqjz1Zbq2l5WaqYnrVbwWOWMyF3F47g==

ts-node@^10.2.1:
  version "10.9.1"
  resolved "https://registry.yarnpkg.com/ts-node/-/ts-node-10.9.1.tgz#e73de9102958af9e1f0b168a6ff320e25adcff4b"
  integrity sha512-NtVysVPkxxrwFGUUxGYhfux8k78pQB3JqYBXlLRZgdGUqTO5wU/UyHop5p70iEbGhB7q5KmiZiU0Y3KlJrScEw==
  dependencies:
    "@cspotcode/source-map-support" "^0.8.0"
    "@tsconfig/node10" "^1.0.7"
    "@tsconfig/node12" "^1.0.7"
    "@tsconfig/node14" "^1.0.0"
    "@tsconfig/node16" "^1.0.2"
    acorn "^8.4.1"
    acorn-walk "^8.1.1"
    arg "^4.1.0"
    create-require "^1.1.0"
    diff "^4.0.1"
    make-error "^1.1.1"
    v8-compile-cache-lib "^3.0.1"
    yn "3.1.1"

typescript@^4.4.2:
  version "4.9.5"
  resolved "https://registry.yarnpkg.com/typescript/-/typescript-4.9.5.tgz#095979f9bcc0d09da324d58d03ce8f8374cbe65a"
  integrity sha512-1FXk9E2Hm+QzZQ7z+McJiHL4NW1F2EzMu9Nq9i3zAaGqibafqYwCVU6WyWAuyQRRzOlxou8xZSyXLEN8oKj24g==

universalify@^2.0.0:
  version "2.0.0"
  resolved "https://registry.yarnpkg.com/universalify/-/universalify-2.0.0.tgz#75a4984efedc4b08975c5aeb73f530d02df25717"
  integrity sha512-hAZsKq7Yy11Zu1DE0OzWjw7nnLZmJZYTDZZyEFHZdUhV8FkH5MCfoU1XMaxXovpyW5nq5scPqq0ZDP9Zyl04oQ==

v8-compile-cache-lib@^3.0.1:
  version "3.0.1"
  resolved "https://registry.yarnpkg.com/v8-compile-cache-lib/-/v8-compile-cache-lib-3.0.1.tgz#6336e8d71965cb3d35a1bbb7868445a7c05264bf"
  integrity sha512-wa7YjyUGfNZngI/vtK0UHAN+lgDCxBPCylVXGp0zu59Fz5aiGtNXaq3DhIov063MorB+VfufLh3JlF2KdTK3xg==

yallist@^4.0.0:
  version "4.0.0"
  resolved "https://registry.yarnpkg.com/yallist/-/yallist-4.0.0.tgz#9bb92790d9c0effec63be73519e11a35019a3a72"
  integrity sha512-3wdGidZyq5PB084XLES5TpOSRA3wjXAlIWMhum2kRcv/41Sn2emQ0dycQW4uZXLejwKvg6EsvbdlVL+FYEct7A==

yaml2json@^1.0.2:
  version "1.0.2"
  resolved "https://registry.yarnpkg.com/yaml2json/-/yaml2json-1.0.2.tgz#3ab846deb87c062d9904e143c6947128d488c119"
  integrity sha512-SZSrFjBc5m3qRLgnnFnHGLQlijAedRO/TSrtezy4z9fUliIBhum/mkvD9bF63fL8/Nae5kURoC2z6wZZG6+bdQ==
  dependencies:
    yaml "0.2.x"

yaml@0.2.x:
  version "0.2.3"
  resolved "https://registry.yarnpkg.com/yaml/-/yaml-0.2.3.tgz#b5450e92e76ef36b5dd24e3660091ebaeef3e5c7"
  integrity sha512-LzdhmhritYCRww8GLH95Sk5A2c18ddRQMeooOUnqWkDUnBbmVfqgg2fXH2MxAHYHCVTHDK1EEbmgItQ8kOpM0Q==

yaml@1.10.2:
  version "1.10.2"
  resolved "https://registry.yarnpkg.com/yaml/-/yaml-1.10.2.tgz#2301c5ffbf12b467de8da2333a459e29e7920e4b"
  integrity sha512-r3vXyErRCYJ7wg28yvBY5VSoAF8ZvlcW9/BwUzEtUsjvX/DKs24dIkuwjtuprwJJHsbyUbLApepYTR1BN4uHrg==

yn@3.1.1:
  version "3.1.1"
  resolved "https://registry.yarnpkg.com/yn/-/yn-3.1.1.tgz#1e87401a09d767c1d5eab26a6e4c185182d2eb50"
  integrity sha512-Ux4ygGWsu2c7isFWe8Yu1YluJmqVhxqK2cLXNQA5AcC3QfbGNpM7fu0Y8b/z16pXLnFxZYvWhd3fhBY9DLmC6Q==
